// !$*UTF8*$!
{
	archiveVersion = 1;
	classes = {
	};
	objectVersion = 50;
	objects = {

/* Begin PBXBuildFile section */
		CE48CEBC21A0112B0067E30E /* StringExtension.swift in Sources */ = {isa = PBXBuildFile; fileRef = CE48CEBB21A0112B0067E30E /* StringExtension.swift */; };
		CE48CEBE21A3DD640067E30E /* UIViewControllerExtension.swift in Sources */ = {isa = PBXBuildFile; fileRef = CE48CEBD21A3DD640067E30E /* UIViewControllerExtension.swift */; };
		CE7E6977219AAECF00AF2FFC /* TellemTextField.swift in Sources */ = {isa = PBXBuildFile; fileRef = CE7E6976219AAECF00AF2FFC /* TellemTextField.swift */; };
		CEA34FFC219D667400C4AB86 /* SignUpViewController.swift in Sources */ = {isa = PBXBuildFile; fileRef = CEA34FFB219D667400C4AB86 /* SignUpViewController.swift */; };
		CEA35000219D692E00C4AB86 /* SignUpViewControllerTests.swift in Sources */ = {isa = PBXBuildFile; fileRef = CEA34FFF219D692E00C4AB86 /* SignUpViewControllerTests.swift */; };
		CEB936452196BFD000DF3860 /* AppDelegate.swift in Sources */ = {isa = PBXBuildFile; fileRef = CEB936442196BFD000DF3860 /* AppDelegate.swift */; };
		CEB936472196BFD000DF3860 /* LoginViewController.swift in Sources */ = {isa = PBXBuildFile; fileRef = CEB936462196BFD000DF3860 /* LoginViewController.swift */; };
		CEB9364C2196BFE000DF3860 /* Assets.xcassets in Resources */ = {isa = PBXBuildFile; fileRef = CEB9364B2196BFE000DF3860 /* Assets.xcassets */; };
		CEB9364F2196BFE000DF3860 /* LaunchScreen.storyboard in Resources */ = {isa = PBXBuildFile; fileRef = CEB9364D2196BFE000DF3860 /* LaunchScreen.storyboard */; };
		CEB936652196C24700DF3860 /* LoginViewControllerTests.swift in Sources */ = {isa = PBXBuildFile; fileRef = CEB936642196C24700DF3860 /* LoginViewControllerTests.swift */; };
		CED1451021C387C6005E72E2 /* StringExtensionTests.swift in Sources */ = {isa = PBXBuildFile; fileRef = CED1450F21C387C6005E72E2 /* StringExtensionTests.swift */; };
		CED1451821C391C8005E72E2 /* Localizable.strings in Resources */ = {isa = PBXBuildFile; fileRef = CED1451A21C391C8005E72E2 /* Localizable.strings */; };
		CED1451D21C396D7005E72E2 /* Default-568h@2x.png in Resources */ = {isa = PBXBuildFile; fileRef = CED1451C21C396D7005E72E2 /* Default-568h@2x.png */; };
		D049076521C3F62F0095BE75 /* LoginViewControllerUITests.swift in Sources */ = {isa = PBXBuildFile; fileRef = D049076421C3F62F0095BE75 /* LoginViewControllerUITests.swift */; };
		D049076D21C3FF170095BE75 /* SearchViewController.swift in Sources */ = {isa = PBXBuildFile; fileRef = D049076C21C3FF170095BE75 /* SearchViewController.swift */; };
		D049076F21C40CCF0095BE75 /* SearchViewControllerUITests.swift in Sources */ = {isa = PBXBuildFile; fileRef = D049076E21C40CCF0095BE75 /* SearchViewControllerUITests.swift */; };
/* End PBXBuildFile section */

/* Begin PBXContainerItemProxy section */
		CEB936562196BFE100DF3860 /* PBXContainerItemProxy */ = {
			isa = PBXContainerItemProxy;
			containerPortal = CEB936392196BFD000DF3860 /* Project object */;
			proxyType = 1;
			remoteGlobalIDString = CEB936402196BFD000DF3860;
			remoteInfo = Tellem;
		};
		D049076721C3F62F0095BE75 /* PBXContainerItemProxy */ = {
			isa = PBXContainerItemProxy;
			containerPortal = CEB936392196BFD000DF3860 /* Project object */;
			proxyType = 1;
			remoteGlobalIDString = CEB936402196BFD000DF3860;
			remoteInfo = Tellem;
		};
/* End PBXContainerItemProxy section */

/* Begin PBXFileReference section */
		CE48CEBB21A0112B0067E30E /* StringExtension.swift */ = {isa = PBXFileReference; lastKnownFileType = sourcecode.swift; path = StringExtension.swift; sourceTree = "<group>"; };
		CE48CEBD21A3DD640067E30E /* UIViewControllerExtension.swift */ = {isa = PBXFileReference; lastKnownFileType = sourcecode.swift; path = UIViewControllerExtension.swift; sourceTree = "<group>"; };
		CE7E6976219AAECF00AF2FFC /* TellemTextField.swift */ = {isa = PBXFileReference; lastKnownFileType = sourcecode.swift; path = TellemTextField.swift; sourceTree = "<group>"; };
		CEA34FFB219D667400C4AB86 /* SignUpViewController.swift */ = {isa = PBXFileReference; lastKnownFileType = sourcecode.swift; path = SignUpViewController.swift; sourceTree = "<group>"; };
		CEA34FFF219D692E00C4AB86 /* SignUpViewControllerTests.swift */ = {isa = PBXFileReference; lastKnownFileType = sourcecode.swift; path = SignUpViewControllerTests.swift; sourceTree = "<group>"; };
		CEB936412196BFD000DF3860 /* Tellem.app */ = {isa = PBXFileReference; explicitFileType = wrapper.application; includeInIndex = 0; path = Tellem.app; sourceTree = BUILT_PRODUCTS_DIR; };
		CEB936442196BFD000DF3860 /* AppDelegate.swift */ = {isa = PBXFileReference; lastKnownFileType = sourcecode.swift; path = AppDelegate.swift; sourceTree = "<group>"; };
		CEB936462196BFD000DF3860 /* LoginViewController.swift */ = {isa = PBXFileReference; lastKnownFileType = sourcecode.swift; path = LoginViewController.swift; sourceTree = "<group>"; };
		CEB9364B2196BFE000DF3860 /* Assets.xcassets */ = {isa = PBXFileReference; lastKnownFileType = folder.assetcatalog; path = Assets.xcassets; sourceTree = "<group>"; };
		CEB9364E2196BFE000DF3860 /* Base */ = {isa = PBXFileReference; lastKnownFileType = file.storyboard; name = Base; path = Base.lproj/LaunchScreen.storyboard; sourceTree = "<group>"; };
		CEB936502196BFE000DF3860 /* Info.plist */ = {isa = PBXFileReference; lastKnownFileType = text.plist.xml; path = Info.plist; sourceTree = "<group>"; };
		CEB936552196BFE100DF3860 /* TellemTests.xctest */ = {isa = PBXFileReference; explicitFileType = wrapper.cfbundle; includeInIndex = 0; path = TellemTests.xctest; sourceTree = BUILT_PRODUCTS_DIR; };
		CEB9365B2196BFE100DF3860 /* Info.plist */ = {isa = PBXFileReference; lastKnownFileType = text.plist.xml; path = Info.plist; sourceTree = "<group>"; };
		CEB936642196C24700DF3860 /* LoginViewControllerTests.swift */ = {isa = PBXFileReference; lastKnownFileType = sourcecode.swift; path = LoginViewControllerTests.swift; sourceTree = "<group>"; };
		CED1450F21C387C6005E72E2 /* StringExtensionTests.swift */ = {isa = PBXFileReference; lastKnownFileType = sourcecode.swift; path = StringExtensionTests.swift; sourceTree = "<group>"; };
		CED1451221C38E48005E72E2 /* pt-BR */ = {isa = PBXFileReference; lastKnownFileType = text.plist.strings; name = "pt-BR"; path = "pt-BR.lproj/LaunchScreen.strings"; sourceTree = "<group>"; };
		CED1451921C391C8005E72E2 /* en */ = {isa = PBXFileReference; lastKnownFileType = text.plist.strings; name = en; path = en.lproj/Localizable.strings; sourceTree = "<group>"; };
		CED1451B21C39345005E72E2 /* pt-BR */ = {isa = PBXFileReference; lastKnownFileType = text.plist.strings; name = "pt-BR"; path = "pt-BR.lproj/Localizable.strings"; sourceTree = "<group>"; };
		CED1451C21C396D7005E72E2 /* Default-568h@2x.png */ = {isa = PBXFileReference; lastKnownFileType = image.png; path = "Default-568h@2x.png"; sourceTree = "<group>"; };
		D049076221C3F62F0095BE75 /* TellemUITests.xctest */ = {isa = PBXFileReference; explicitFileType = wrapper.cfbundle; includeInIndex = 0; path = TellemUITests.xctest; sourceTree = BUILT_PRODUCTS_DIR; };
		D049076421C3F62F0095BE75 /* LoginViewControllerUITests.swift */ = {isa = PBXFileReference; lastKnownFileType = sourcecode.swift; path = LoginViewControllerUITests.swift; sourceTree = "<group>"; };
		D049076621C3F62F0095BE75 /* Info.plist */ = {isa = PBXFileReference; lastKnownFileType = text.plist.xml; path = Info.plist; sourceTree = "<group>"; };
		D049076C21C3FF170095BE75 /* SearchViewController.swift */ = {isa = PBXFileReference; lastKnownFileType = sourcecode.swift; path = SearchViewController.swift; sourceTree = "<group>"; };
		D049076E21C40CCF0095BE75 /* SearchViewControllerUITests.swift */ = {isa = PBXFileReference; lastKnownFileType = sourcecode.swift; path = SearchViewControllerUITests.swift; sourceTree = "<group>"; };
/* End PBXFileReference section */

/* Begin PBXFrameworksBuildPhase section */
		CEB9363E2196BFD000DF3860 /* Frameworks */ = {
			isa = PBXFrameworksBuildPhase;
			buildActionMask = 2147483647;
			files = (
			);
			runOnlyForDeploymentPostprocessing = 0;
		};
		CEB936522196BFE100DF3860 /* Frameworks */ = {
			isa = PBXFrameworksBuildPhase;
			buildActionMask = 2147483647;
			files = (
			);
			runOnlyForDeploymentPostprocessing = 0;
		};
		D049075F21C3F62F0095BE75 /* Frameworks */ = {
			isa = PBXFrameworksBuildPhase;
			buildActionMask = 2147483647;
			files = (
			);
			runOnlyForDeploymentPostprocessing = 0;
		};
/* End PBXFrameworksBuildPhase section */

/* Begin PBXGroup section */
		CE48CEBA21A010CE0067E30E /* Extensions */ = {
			isa = PBXGroup;
			children = (
				CE48CEBB21A0112B0067E30E /* StringExtension.swift */,
				CE48CEBD21A3DD640067E30E /* UIViewControllerExtension.swift */,
			);
			path = Extensions;
			sourceTree = "<group>";
		};
		CE7E6975219AAE9900AF2FFC /* UI Components */ = {
			isa = PBXGroup;
			children = (
				CE7E6976219AAECF00AF2FFC /* TellemTextField.swift */,
			);
			path = "UI Components";
			sourceTree = "<group>";
		};
		CEB936382196BFD000DF3860 = {
			isa = PBXGroup;
			children = (
				CEB936432196BFD000DF3860 /* Tellem */,
				CEB936582196BFE100DF3860 /* TellemTests */,
				D049076321C3F62F0095BE75 /* TellemUITests */,
				CEB936422196BFD000DF3860 /* Products */,
			);
			sourceTree = "<group>";
		};
		CEB936422196BFD000DF3860 /* Products */ = {
			isa = PBXGroup;
			children = (
				CEB936412196BFD000DF3860 /* Tellem.app */,
				CEB936552196BFE100DF3860 /* TellemTests.xctest */,
				D049076221C3F62F0095BE75 /* TellemUITests.xctest */,
			);
			name = Products;
			sourceTree = "<group>";
		};
		CEB936432196BFD000DF3860 /* Tellem */ = {
			isa = PBXGroup;
			children = (
				CEB936442196BFD000DF3860 /* AppDelegate.swift */,
				CEB936502196BFE000DF3860 /* Info.plist */,
				CE48CEBA21A010CE0067E30E /* Extensions */,
				CED1451321C38E7B005E72E2 /* Support Files */,
				CE7E6975219AAE9900AF2FFC /* UI Components */,
				CED1451421C38EFF005E72E2 /* View Controllers */,
				CED1451521C38F6F005E72E2 /* View Models */,
			);
			path = Tellem;
			sourceTree = "<group>";
		};
		CEB936582196BFE100DF3860 /* TellemTests */ = {
			isa = PBXGroup;
			children = (
				CED1451121C387DE005E72E2 /* Extensions */,
				CEB9365B2196BFE100DF3860 /* Info.plist */,
				CEB936642196C24700DF3860 /* LoginViewControllerTests.swift */,
				CEA34FFF219D692E00C4AB86 /* SignUpViewControllerTests.swift */,
			);
			path = TellemTests;
			sourceTree = "<group>";
		};
		CED1451121C387DE005E72E2 /* Extensions */ = {
			isa = PBXGroup;
			children = (
				CED1450F21C387C6005E72E2 /* StringExtensionTests.swift */,
			);
			path = Extensions;
			sourceTree = "<group>";
		};
		CED1451321C38E7B005E72E2 /* Support Files */ = {
			isa = PBXGroup;
			children = (
				CED1451C21C396D7005E72E2 /* Default-568h@2x.png */,
				CEB9364B2196BFE000DF3860 /* Assets.xcassets */,
				CEB9364D2196BFE000DF3860 /* LaunchScreen.storyboard */,
				CED1451A21C391C8005E72E2 /* Localizable.strings */,
			);
			path = "Support Files";
			sourceTree = "<group>";
		};
		CED1451421C38EFF005E72E2 /* View Controllers */ = {
			isa = PBXGroup;
			children = (
				CEB936462196BFD000DF3860 /* LoginViewController.swift */,
				CEA34FFB219D667400C4AB86 /* SignUpViewController.swift */,
				D049076C21C3FF170095BE75 /* SearchViewController.swift */,
			);
			path = "View Controllers";
			sourceTree = "<group>";
		};
		CED1451521C38F6F005E72E2 /* View Models */ = {
			isa = PBXGroup;
			children = (
			);
			path = "View Models";
			sourceTree = "<group>";
		};
		D049076321C3F62F0095BE75 /* TellemUITests */ = {
			isa = PBXGroup;
			children = (
				D049076421C3F62F0095BE75 /* LoginViewControllerUITests.swift */,
				D049076621C3F62F0095BE75 /* Info.plist */,
				D049076E21C40CCF0095BE75 /* SearchViewControllerUITests.swift */,
			);
			path = TellemUITests;
			sourceTree = "<group>";
		};
/* End PBXGroup section */

/* Begin PBXNativeTarget section */
		CEB936402196BFD000DF3860 /* Tellem */ = {
			isa = PBXNativeTarget;
			buildConfigurationList = CEB9365E2196BFE100DF3860 /* Build configuration list for PBXNativeTarget "Tellem" */;
			buildPhases = (
				CEB9363D2196BFD000DF3860 /* Sources */,
				CEB9363E2196BFD000DF3860 /* Frameworks */,
				CEB9363F2196BFD000DF3860 /* Resources */,
			);
			buildRules = (
			);
			dependencies = (
			);
			name = Tellem;
			productName = Tellem;
			productReference = CEB936412196BFD000DF3860 /* Tellem.app */;
			productType = "com.apple.product-type.application";
		};
		CEB936542196BFE100DF3860 /* TellemTests */ = {
			isa = PBXNativeTarget;
			buildConfigurationList = CEB936612196BFE100DF3860 /* Build configuration list for PBXNativeTarget "TellemTests" */;
			buildPhases = (
				CEB936512196BFE100DF3860 /* Sources */,
				CEB936522196BFE100DF3860 /* Frameworks */,
				CEB936532196BFE100DF3860 /* Resources */,
			);
			buildRules = (
			);
			dependencies = (
				CEB936572196BFE100DF3860 /* PBXTargetDependency */,
			);
			name = TellemTests;
			productName = TellemTests;
			productReference = CEB936552196BFE100DF3860 /* TellemTests.xctest */;
			productType = "com.apple.product-type.bundle.unit-test";
		};
		D049076121C3F62F0095BE75 /* TellemUITests */ = {
			isa = PBXNativeTarget;
			buildConfigurationList = D049076921C3F62F0095BE75 /* Build configuration list for PBXNativeTarget "TellemUITests" */;
			buildPhases = (
				D049075E21C3F62F0095BE75 /* Sources */,
				D049075F21C3F62F0095BE75 /* Frameworks */,
				D049076021C3F62F0095BE75 /* Resources */,
			);
			buildRules = (
			);
			dependencies = (
				D049076821C3F62F0095BE75 /* PBXTargetDependency */,
			);
			name = TellemUITests;
			productName = TellemUITests;
			productReference = D049076221C3F62F0095BE75 /* TellemUITests.xctest */;
			productType = "com.apple.product-type.bundle.ui-testing";
		};
/* End PBXNativeTarget section */

/* Begin PBXProject section */
		CEB936392196BFD000DF3860 /* Project object */ = {
			isa = PBXProject;
			attributes = {
				LastSwiftUpdateCheck = 0930;
				LastUpgradeCheck = 1000;
				ORGANIZATIONNAME = "Rubens Neto";
				TargetAttributes = {
					CEB936402196BFD000DF3860 = {
						CreatedOnToolsVersion = 10.0;
					};
					CEB936542196BFE100DF3860 = {
						CreatedOnToolsVersion = 10.0;
						TestTargetID = CEB936402196BFD000DF3860;
					};
					D049076121C3F62F0095BE75 = {
						CreatedOnToolsVersion = 9.3.1;
						TestTargetID = CEB936402196BFD000DF3860;
					};
				};
			};
			buildConfigurationList = CEB9363C2196BFD000DF3860 /* Build configuration list for PBXProject "Tellem" */;
			compatibilityVersion = "Xcode 9.3";
			developmentRegion = en;
			hasScannedForEncodings = 0;
			knownRegions = (
				en,
				Base,
				"pt-BR",
			);
			mainGroup = CEB936382196BFD000DF3860;
			productRefGroup = CEB936422196BFD000DF3860 /* Products */;
			projectDirPath = "";
			projectRoot = "";
			targets = (
				CEB936402196BFD000DF3860 /* Tellem */,
				CEB936542196BFE100DF3860 /* TellemTests */,
				D049076121C3F62F0095BE75 /* TellemUITests */,
			);
		};
/* End PBXProject section */

/* Begin PBXResourcesBuildPhase section */
		CEB9363F2196BFD000DF3860 /* Resources */ = {
			isa = PBXResourcesBuildPhase;
			buildActionMask = 2147483647;
			files = (
				CEB9364F2196BFE000DF3860 /* LaunchScreen.storyboard in Resources */,
				CED1451D21C396D7005E72E2 /* Default-568h@2x.png in Resources */,
				CED1451821C391C8005E72E2 /* Localizable.strings in Resources */,
				CEB9364C2196BFE000DF3860 /* Assets.xcassets in Resources */,
			);
			runOnlyForDeploymentPostprocessing = 0;
		};
		CEB936532196BFE100DF3860 /* Resources */ = {
			isa = PBXResourcesBuildPhase;
			buildActionMask = 2147483647;
			files = (
			);
			runOnlyForDeploymentPostprocessing = 0;
		};
		D049076021C3F62F0095BE75 /* Resources */ = {
			isa = PBXResourcesBuildPhase;
			buildActionMask = 2147483647;
			files = (
			);
			runOnlyForDeploymentPostprocessing = 0;
		};
/* End PBXResourcesBuildPhase section */

/* Begin PBXSourcesBuildPhase section */
		CEB9363D2196BFD000DF3860 /* Sources */ = {
			isa = PBXSourcesBuildPhase;
			buildActionMask = 2147483647;
			files = (
				CE7E6977219AAECF00AF2FFC /* TellemTextField.swift in Sources */,
				D049076D21C3FF170095BE75 /* SearchViewController.swift in Sources */,
				CE48CEBC21A0112B0067E30E /* StringExtension.swift in Sources */,
				CEB936472196BFD000DF3860 /* LoginViewController.swift in Sources */,
				CEB936452196BFD000DF3860 /* AppDelegate.swift in Sources */,
				CE48CEBE21A3DD640067E30E /* UIViewControllerExtension.swift in Sources */,
				CEA34FFC219D667400C4AB86 /* SignUpViewController.swift in Sources */,
			);
			runOnlyForDeploymentPostprocessing = 0;
		};
		CEB936512196BFE100DF3860 /* Sources */ = {
			isa = PBXSourcesBuildPhase;
			buildActionMask = 2147483647;
			files = (
				CEA35000219D692E00C4AB86 /* SignUpViewControllerTests.swift in Sources */,
				CEB936652196C24700DF3860 /* LoginViewControllerTests.swift in Sources */,
				CED1451021C387C6005E72E2 /* StringExtensionTests.swift in Sources */,
			);
			runOnlyForDeploymentPostprocessing = 0;
		};
		D049075E21C3F62F0095BE75 /* Sources */ = {
			isa = PBXSourcesBuildPhase;
			buildActionMask = 2147483647;
			files = (
				D049076F21C40CCF0095BE75 /* SearchViewControllerUITests.swift in Sources */,
				D049076521C3F62F0095BE75 /* LoginViewControllerUITests.swift in Sources */,
			);
			runOnlyForDeploymentPostprocessing = 0;
		};
/* End PBXSourcesBuildPhase section */

/* Begin PBXTargetDependency section */
		CEB936572196BFE100DF3860 /* PBXTargetDependency */ = {
			isa = PBXTargetDependency;
			target = CEB936402196BFD000DF3860 /* Tellem */;
			targetProxy = CEB936562196BFE100DF3860 /* PBXContainerItemProxy */;
		};
		D049076821C3F62F0095BE75 /* PBXTargetDependency */ = {
			isa = PBXTargetDependency;
			target = CEB936402196BFD000DF3860 /* Tellem */;
			targetProxy = D049076721C3F62F0095BE75 /* PBXContainerItemProxy */;
		};
/* End PBXTargetDependency section */

/* Begin PBXVariantGroup section */
		CEB9364D2196BFE000DF3860 /* LaunchScreen.storyboard */ = {
			isa = PBXVariantGroup;
			children = (
				CEB9364E2196BFE000DF3860 /* Base */,
				CED1451221C38E48005E72E2 /* pt-BR */,
			);
			name = LaunchScreen.storyboard;
			sourceTree = "<group>";
		};
		CED1451A21C391C8005E72E2 /* Localizable.strings */ = {
			isa = PBXVariantGroup;
			children = (
				CED1451921C391C8005E72E2 /* en */,
				CED1451B21C39345005E72E2 /* pt-BR */,
			);
			name = Localizable.strings;
			sourceTree = "<group>";
		};
/* End PBXVariantGroup section */

/* Begin XCBuildConfiguration section */
		CEB9365C2196BFE100DF3860 /* Debug */ = {
			isa = XCBuildConfiguration;
			buildSettings = {
				ALWAYS_SEARCH_USER_PATHS = NO;
				CLANG_ANALYZER_LOCALIZABILITY_NONLOCALIZED = YES;
				CLANG_ANALYZER_NONNULL = YES;
				CLANG_ANALYZER_NUMBER_OBJECT_CONVERSION = YES_AGGRESSIVE;
				CLANG_CXX_LANGUAGE_STANDARD = "gnu++14";
				CLANG_CXX_LIBRARY = "libc++";
				CLANG_ENABLE_MODULES = YES;
				CLANG_ENABLE_OBJC_ARC = YES;
				CLANG_ENABLE_OBJC_WEAK = YES;
				CLANG_WARN_BLOCK_CAPTURE_AUTORELEASING = YES;
				CLANG_WARN_BOOL_CONVERSION = YES;
				CLANG_WARN_COMMA = YES;
				CLANG_WARN_CONSTANT_CONVERSION = YES;
				CLANG_WARN_DEPRECATED_OBJC_IMPLEMENTATIONS = YES;
				CLANG_WARN_DIRECT_OBJC_ISA_USAGE = YES_ERROR;
				CLANG_WARN_DOCUMENTATION_COMMENTS = YES;
				CLANG_WARN_EMPTY_BODY = YES;
				CLANG_WARN_ENUM_CONVERSION = YES;
				CLANG_WARN_INFINITE_RECURSION = YES;
				CLANG_WARN_INT_CONVERSION = YES;
				CLANG_WARN_NON_LITERAL_NULL_CONVERSION = YES;
				CLANG_WARN_OBJC_IMPLICIT_RETAIN_SELF = YES;
				CLANG_WARN_OBJC_LITERAL_CONVERSION = YES;
				CLANG_WARN_OBJC_ROOT_CLASS = YES_ERROR;
				CLANG_WARN_RANGE_LOOP_ANALYSIS = YES;
				CLANG_WARN_STRICT_PROTOTYPES = YES;
				CLANG_WARN_SUSPICIOUS_MOVE = YES;
				CLANG_WARN_UNGUARDED_AVAILABILITY = YES_AGGRESSIVE;
				CLANG_WARN_UNREACHABLE_CODE = YES;
				CLANG_WARN__DUPLICATE_METHOD_MATCH = YES;
				CODE_SIGN_IDENTITY = "iPhone Developer";
				COPY_PHASE_STRIP = NO;
				DEBUG_INFORMATION_FORMAT = dwarf;
				ENABLE_STRICT_OBJC_MSGSEND = YES;
				ENABLE_TESTABILITY = YES;
				GCC_C_LANGUAGE_STANDARD = gnu11;
				GCC_DYNAMIC_NO_PIC = NO;
				GCC_NO_COMMON_BLOCKS = YES;
				GCC_OPTIMIZATION_LEVEL = 0;
				GCC_PREPROCESSOR_DEFINITIONS = (
					"DEBUG=1",
					"$(inherited)",
				);
				GCC_WARN_64_TO_32_BIT_CONVERSION = YES;
				GCC_WARN_ABOUT_RETURN_TYPE = YES_ERROR;
				GCC_WARN_UNDECLARED_SELECTOR = YES;
				GCC_WARN_UNINITIALIZED_AUTOS = YES_AGGRESSIVE;
				GCC_WARN_UNUSED_FUNCTION = YES;
				GCC_WARN_UNUSED_VARIABLE = YES;
				IPHONEOS_DEPLOYMENT_TARGET = 12.0;
				MTL_ENABLE_DEBUG_INFO = INCLUDE_SOURCE;
				MTL_FAST_MATH = YES;
				ONLY_ACTIVE_ARCH = YES;
				SDKROOT = iphoneos;
				SWIFT_ACTIVE_COMPILATION_CONDITIONS = DEBUG;
				SWIFT_OPTIMIZATION_LEVEL = "-Onone";
			};
			name = Debug;
		};
		CEB9365D2196BFE100DF3860 /* Release */ = {
			isa = XCBuildConfiguration;
			buildSettings = {
				ALWAYS_SEARCH_USER_PATHS = NO;
				CLANG_ANALYZER_LOCALIZABILITY_NONLOCALIZED = YES;
				CLANG_ANALYZER_NONNULL = YES;
				CLANG_ANALYZER_NUMBER_OBJECT_CONVERSION = YES_AGGRESSIVE;
				CLANG_CXX_LANGUAGE_STANDARD = "gnu++14";
				CLANG_CXX_LIBRARY = "libc++";
				CLANG_ENABLE_MODULES = YES;
				CLANG_ENABLE_OBJC_ARC = YES;
				CLANG_ENABLE_OBJC_WEAK = YES;
				CLANG_WARN_BLOCK_CAPTURE_AUTORELEASING = YES;
				CLANG_WARN_BOOL_CONVERSION = YES;
				CLANG_WARN_COMMA = YES;
				CLANG_WARN_CONSTANT_CONVERSION = YES;
				CLANG_WARN_DEPRECATED_OBJC_IMPLEMENTATIONS = YES;
				CLANG_WARN_DIRECT_OBJC_ISA_USAGE = YES_ERROR;
				CLANG_WARN_DOCUMENTATION_COMMENTS = YES;
				CLANG_WARN_EMPTY_BODY = YES;
				CLANG_WARN_ENUM_CONVERSION = YES;
				CLANG_WARN_INFINITE_RECURSION = YES;
				CLANG_WARN_INT_CONVERSION = YES;
				CLANG_WARN_NON_LITERAL_NULL_CONVERSION = YES;
				CLANG_WARN_OBJC_IMPLICIT_RETAIN_SELF = YES;
				CLANG_WARN_OBJC_LITERAL_CONVERSION = YES;
				CLANG_WARN_OBJC_ROOT_CLASS = YES_ERROR;
				CLANG_WARN_RANGE_LOOP_ANALYSIS = YES;
				CLANG_WARN_STRICT_PROTOTYPES = YES;
				CLANG_WARN_SUSPICIOUS_MOVE = YES;
				CLANG_WARN_UNGUARDED_AVAILABILITY = YES_AGGRESSIVE;
				CLANG_WARN_UNREACHABLE_CODE = YES;
				CLANG_WARN__DUPLICATE_METHOD_MATCH = YES;
				CODE_SIGN_IDENTITY = "iPhone Developer";
				COPY_PHASE_STRIP = NO;
				DEBUG_INFORMATION_FORMAT = "dwarf-with-dsym";
				ENABLE_NS_ASSERTIONS = NO;
				ENABLE_STRICT_OBJC_MSGSEND = YES;
				GCC_C_LANGUAGE_STANDARD = gnu11;
				GCC_NO_COMMON_BLOCKS = YES;
				GCC_WARN_64_TO_32_BIT_CONVERSION = YES;
				GCC_WARN_ABOUT_RETURN_TYPE = YES_ERROR;
				GCC_WARN_UNDECLARED_SELECTOR = YES;
				GCC_WARN_UNINITIALIZED_AUTOS = YES_AGGRESSIVE;
				GCC_WARN_UNUSED_FUNCTION = YES;
				GCC_WARN_UNUSED_VARIABLE = YES;
				IPHONEOS_DEPLOYMENT_TARGET = 12.0;
				MTL_ENABLE_DEBUG_INFO = NO;
				MTL_FAST_MATH = YES;
				SDKROOT = iphoneos;
				SWIFT_COMPILATION_MODE = wholemodule;
				SWIFT_OPTIMIZATION_LEVEL = "-O";
				VALIDATE_PRODUCT = YES;
			};
			name = Release;
		};
		CEB9365F2196BFE100DF3860 /* Debug */ = {
			isa = XCBuildConfiguration;
			buildSettings = {
				ASSETCATALOG_COMPILER_APPICON_NAME = AppIcon;
				CODE_SIGN_STYLE = Automatic;
				DEVELOPMENT_TEAM = 65629Q9C5V;
				INFOPLIST_FILE = Tellem/Info.plist;
				IPHONEOS_DEPLOYMENT_TARGET = 11.0;
				LD_RUNPATH_SEARCH_PATHS = (
					"$(inherited)",
					"@executable_path/Frameworks",
				);
				PRODUCT_BUNDLE_IDENTIFIER = com.rubensneto.Tellem;
				PRODUCT_NAME = "$(TARGET_NAME)";
				SWIFT_VERSION = 4.2;
				TARGETED_DEVICE_FAMILY = "1,2";
			};
			name = Debug;
		};
		CEB936602196BFE100DF3860 /* Release */ = {
			isa = XCBuildConfiguration;
			buildSettings = {
				ASSETCATALOG_COMPILER_APPICON_NAME = AppIcon;
				CODE_SIGN_STYLE = Automatic;
				DEVELOPMENT_TEAM = 65629Q9C5V;
				INFOPLIST_FILE = Tellem/Info.plist;
				IPHONEOS_DEPLOYMENT_TARGET = 11.0;
				LD_RUNPATH_SEARCH_PATHS = (
					"$(inherited)",
					"@executable_path/Frameworks",
				);
				PRODUCT_BUNDLE_IDENTIFIER = com.rubensneto.Tellem;
				PRODUCT_NAME = "$(TARGET_NAME)";
				SWIFT_VERSION = 4.2;
				TARGETED_DEVICE_FAMILY = "1,2";
			};
			name = Release;
		};
		CEB936622196BFE100DF3860 /* Debug */ = {
			isa = XCBuildConfiguration;
			buildSettings = {
				ALWAYS_EMBED_SWIFT_STANDARD_LIBRARIES = YES;
				BUNDLE_LOADER = "$(TEST_HOST)";
				CODE_SIGN_STYLE = Automatic;
				DEVELOPMENT_TEAM = 65629Q9C5V;
				INFOPLIST_FILE = TellemTests/Info.plist;
				LD_RUNPATH_SEARCH_PATHS = (
					"$(inherited)",
					"@executable_path/Frameworks",
					"@loader_path/Frameworks",
				);
				PRODUCT_BUNDLE_IDENTIFIER = com.rubensneto.TellemTests;
				PRODUCT_NAME = "$(TARGET_NAME)";
				SWIFT_VERSION = 4.2;
				TARGETED_DEVICE_FAMILY = "1,2";
				TEST_HOST = "$(BUILT_PRODUCTS_DIR)/Tellem.app/Tellem";
			};
			name = Debug;
		};
		CEB936632196BFE100DF3860 /* Release */ = {
			isa = XCBuildConfiguration;
			buildSettings = {
				ALWAYS_EMBED_SWIFT_STANDARD_LIBRARIES = YES;
				BUNDLE_LOADER = "$(TEST_HOST)";
				CODE_SIGN_STYLE = Automatic;
				DEVELOPMENT_TEAM = 65629Q9C5V;
				INFOPLIST_FILE = TellemTests/Info.plist;
				LD_RUNPATH_SEARCH_PATHS = (
					"$(inherited)",
					"@executable_path/Frameworks",
					"@loader_path/Frameworks",
				);
				PRODUCT_BUNDLE_IDENTIFIER = com.rubensneto.TellemTests;
				PRODUCT_NAME = "$(TARGET_NAME)";
				SWIFT_VERSION = 4.2;
				TARGETED_DEVICE_FAMILY = "1,2";
				TEST_HOST = "$(BUILT_PRODUCTS_DIR)/Tellem.app/Tellem";
			};
			name = Release;
		};
		D049076A21C3F62F0095BE75 /* Debug */ = {
			isa = XCBuildConfiguration;
			buildSettings = {
				CODE_SIGN_STYLE = Automatic;
				DEVELOPMENT_TEAM = 65629Q9C5V;
				INFOPLIST_FILE = TellemUITests/Info.plist;
				IPHONEOS_DEPLOYMENT_TARGET = 11.3;
				LD_RUNPATH_SEARCH_PATHS = (
					"$(inherited)",
					"@executable_path/Frameworks",
					"@loader_path/Frameworks",
				);
				MTL_ENABLE_DEBUG_INFO = YES;
				PRODUCT_BUNDLE_IDENTIFIER = com.rubensneto.TellemUITests;
				PRODUCT_NAME = "$(TARGET_NAME)";
				SWIFT_VERSION = 4.0;
				TARGETED_DEVICE_FAMILY = "1,2";
				TEST_TARGET_NAME = Tellem;
			};
			name = Debug;
		};
		D049076B21C3F62F0095BE75 /* Release */ = {
			isa = XCBuildConfiguration;
			buildSettings = {
				CODE_SIGN_STYLE = Automatic;
				DEVELOPMENT_TEAM = 65629Q9C5V;
				INFOPLIST_FILE = TellemUITests/Info.plist;
				IPHONEOS_DEPLOYMENT_TARGET = 11.3;
				LD_RUNPATH_SEARCH_PATHS = (
					"$(inherited)",
					"@executable_path/Frameworks",
					"@loader_path/Frameworks",
				);
				PRODUCT_BUNDLE_IDENTIFIER = com.rubensneto.TellemUITests;
				PRODUCT_NAME = "$(TARGET_NAME)";
				SWIFT_VERSION = 4.0;
				TARGETED_DEVICE_FAMILY = "1,2";
				TEST_TARGET_NAME = Tellem;
			};
			name = Release;
		};
/* End XCBuildConfiguration section */

/* Begin XCConfigurationList section */
		CEB9363C2196BFD000DF3860 /* Build configuration list for PBXProject "Tellem" */ = {
			isa = XCConfigurationList;
			buildConfigurations = (
				CEB9365C2196BFE100DF3860 /* Debug */,
				CEB9365D2196BFE100DF3860 /* Release */,
			);
			defaultConfigurationIsVisible = 0;
			defaultConfigurationName = Release;
		};
		CEB9365E2196BFE100DF3860 /* Build configuration list for PBXNativeTarget "Tellem" */ = {
			isa = XCConfigurationList;
			buildConfigurations = (
				CEB9365F2196BFE100DF3860 /* Debug */,
				CEB936602196BFE100DF3860 /* Release */,
			);
			defaultConfigurationIsVisible = 0;
			defaultConfigurationName = Release;
		};
		CEB936612196BFE100DF3860 /* Build configuration list for PBXNativeTarget "TellemTests" */ = {
			isa = XCConfigurationList;
			buildConfigurations = (
				CEB936622196BFE100DF3860 /* Debug */,
				CEB936632196BFE100DF3860 /* Release */,
			);
			defaultConfigurationIsVisible = 0;
			defaultConfigurationName = Release;
		};
		D049076921C3F62F0095BE75 /* Build configuration list for PBXNativeTarget "TellemUITests" */ = {
			isa = XCConfigurationList;
			buildConfigurations = (
				D049076A21C3F62F0095BE75 /* Debug */,
				D049076B21C3F62F0095BE75 /* Release */,
			);
			defaultConfigurationIsVisible = 0;
			defaultConfigurationName = Release;
		};
/* End XCConfigurationList section */
	};
	rootObject = CEB936392196BFD000DF3860 /* Project object */;
}
